
Microsoft Visual Studio Solution File, Format Version 12.00
# Visual Studio Version 17
VisualStudioVersion = 17.5.2.0
MinimumVisualStudioVersion = 10.0.40219.1
Project("{FAE04EC0-301F-11D3-BF4B-00C04F79EFBC}") = "StrikerTekMessagingApp.Auth", "StrikerTekMessagingApp.Auth\StrikerTekMessagingApp.Auth.csproj", "{FCA3ECF7-D591-4594-88A3-13A83D336687}"
EndProject
Project("{FAE04EC0-301F-11D3-BF4B-00C04F79EFBC}") = "StrikerTekMessagingApp.ClassLibrary", "StrikerTekMessagingApp.ClassLibrary\StrikerTekMessagingApp.ClassLibrary.csproj", "{3F66BF0E-31AD-4BF6-BF43-FC2B58A71A2B}"
EndProject
Project("{FAE04EC0-301F-11D3-BF4B-00C04F79EFBC}") = "StrikerTekMessagingApp.CoreDatabase", "StrikerTekMessagingApp.CoreDatabase\StrikerTekMessagingApp.CoreDatabase.csproj", "{8977D1C3-1E83-4FB4-AF6A-83D93585E06A}"
EndProject
Global
	GlobalSection(SolutionConfigurationPlatforms) = preSolution
		Debug|Any CPU = Debug|Any CPU
		Debug|x64 = Debug|x64
		Debug|x86 = Debug|x86
		Release|Any CPU = Release|Any CPU
		Release|x64 = Release|x64
		Release|x86 = Release|x86
	EndGlobalSection
	GlobalSection(ProjectConfigurationPlatforms) = postSolution
		{FCA3ECF7-D591-4594-88A3-13A83D336687}.Debug|Any CPU.ActiveCfg = Debug|Any CPU
		{FCA3ECF7-D591-4594-88A3-13A83D336687}.Debug|Any CPU.Build.0 = Debug|Any CPU
		{FCA3ECF7-D591-4594-88A3-13A83D336687}.Debug|x64.ActiveCfg = Debug|Any CPU
		{FCA3ECF7-D591-4594-88A3-13A83D336687}.Debug|x64.Build.0 = Debug|Any CPU
		{FCA3ECF7-D591-4594-88A3-13A83D336687}.Debug|x86.ActiveCfg = Debug|Any CPU
		{FCA3ECF7-D591-4594-88A3-13A83D336687}.Debug|x86.Build.0 = Debug|Any CPU
		{FCA3ECF7-D591-4594-88A3-13A83D336687}.Release|Any CPU.ActiveCfg = Release|Any CPU
		{FCA3ECF7-D591-4594-88A3-13A83D336687}.Release|Any CPU.Build.0 = Release|Any CPU
		{FCA3ECF7-D591-4594-88A3-13A83D336687}.Release|x64.ActiveCfg = Release|Any CPU
		{FCA3ECF7-D591-4594-88A3-13A83D336687}.Release|x64.Build.0 = Release|Any CPU
		{FCA3ECF7-D591-4594-88A3-13A83D336687}.Release|x86.ActiveCfg = Release|Any CPU
		{FCA3ECF7-D591-4594-88A3-13A83D336687}.Release|x86.Build.0 = Release|Any CPU
		{3F66BF0E-31AD-4BF6-BF43-FC2B58A71A2B}.Debug|Any CPU.ActiveCfg = Debug|Any CPU
		{3F66BF0E-31AD-4BF6-BF43-FC2B58A71A2B}.Debug|Any CPU.Build.0 = Debug|Any CPU
		{3F66BF0E-31AD-4BF6-BF43-FC2B58A71A2B}.Debug|x64.ActiveCfg = Debug|Any CPU
		{3F66BF0E-31AD-4BF6-BF43-FC2B58A71A2B}.Debug|x64.Build.0 = Debug|Any CPU
		{3F66BF0E-31AD-4BF6-BF43-FC2B58A71A2B}.Debug|x86.ActiveCfg = Debug|Any CPU
		{3F66BF0E-31AD-4BF6-BF43-FC2B58A71A2B}.Debug|x86.Build.0 = Debug|Any CPU
		{3F66BF0E-31AD-4BF6-BF43-FC2B58A71A2B}.Release|Any CPU.ActiveCfg = Release|Any CPU
		{3F66BF0E-31AD-4BF6-BF43-FC2B58A71A2B}.Release|Any CPU.Build.0 = Release|Any CPU
		{3F66BF0E-31AD-4BF6-BF43-FC2B58A71A2B}.Release|x64.ActiveCfg = Release|Any CPU
		{3F66BF0E-31AD-4BF6-BF43-FC2B58A71A2B}.Release|x64.Build.0 = Release|Any CPU
		{3F66BF0E-31AD-4BF6-BF43-FC2B58A71A2B}.Release|x86.ActiveCfg = Release|Any CPU
		{3F66BF0E-31AD-4BF6-BF43-FC2B58A71A2B}.Release|x86.Build.0 = Release|Any CPU
		{8977D1C3-1E83-4FB4-AF6A-83D93585E06A}.Debug|Any CPU.ActiveCfg = Debug|Any CPU
		{8977D1C3-1E83-4FB4-AF6A-83D93585E06A}.Debug|Any CPU.Build.0 = Debug|Any CPU
		{8977D1C3-1E83-4FB4-AF6A-83D93585E06A}.Debug|x64.ActiveCfg = Debug|Any CPU
		{8977D1C3-1E83-4FB4-AF6A-83D93585E06A}.Debug|x64.Build.0 = Debug|Any CPU
		{8977D1C3-1E83-4FB4-AF6A-83D93585E06A}.Debug|x86.ActiveCfg = Debug|Any CPU
		{8977D1C3-1E83-4FB4-AF6A-83D93585E06A}.Debug|x86.Build.0 = Debug|Any CPU
		{8977D1C3-1E83-4FB4-AF6A-83D93585E06A}.Release|Any CPU.ActiveCfg = Release|Any CPU
		{8977D1C3-1E83-4FB4-AF6A-83D93585E06A}.Release|Any CPU.Build.0 = Release|Any CPU
		{8977D1C3-1E83-4FB4-AF6A-83D93585E06A}.Release|x64.ActiveCfg = Release|Any CPU
		{8977D1C3-1E83-4FB4-AF6A-83D93585E06A}.Release|x64.Build.0 = Release|Any CPU
		{8977D1C3-1E83-4FB4-AF6A-83D93585E06A}.Release|x86.ActiveCfg = Release|Any CPU
		{8977D1C3-1E83-4FB4-AF6A-83D93585E06A}.Release|x86.Build.0 = Release|Any CPU
	EndGlobalSection
	GlobalSection(SolutionProperties) = preSolution
		HideSolutionNode = FALSE
	EndGlobalSection
	GlobalSection(ExtensibilityGlobals) = postSolution
		SolutionGuid = {ACD22228-16C1-445E-AE60-85A8BF3D12FA}
	EndGlobalSection
EndGlobal
